# THIS IS AN AUTOGENERATED FILE. DO NOT EDIT THIS FILE DIRECTLY.
# yarn lockfile v1


"@types/prettier@^2.6.3":
  version "2.6.3"
  resolved "https://registry.yarnpkg.com/@types/prettier/-/prettier-2.6.3.tgz#68ada76827b0010d0db071f739314fa429943d0a"
  integrity sha512-ymZk3LEC/fsut+/Q5qejp6R9O1rMxz3XaRHDV6kX8MrGAhOSPqVARbDi+EZvInBpw+BnCX3TD240byVkOfQsHg==

antlr4ts-cli@^0.5.0-alpha.4:
  version "0.5.0-alpha.4"
  resolved "https://registry.yarnpkg.com/antlr4ts-cli/-/antlr4ts-cli-0.5.0-alpha.4.tgz#f3bfc37f10131e78d7b981c397a2aaa0450b67f6"
  integrity sha512-lVPVBTA2CVHRYILSKilL6Jd4hAumhSZZWA7UbQNQrmaSSj7dPmmYaN4bOmZG79cOy0lS00i4LY68JZZjZMWVrw==

antlr4ts@^0.5.0-alpha.4:
  version "0.5.0-alpha.4"
  resolved "https://registry.yarnpkg.com/antlr4ts/-/antlr4ts-0.5.0-alpha.4.tgz#71702865a87478ed0b40c0709f422cf14d51652a"
  integrity sha512-WPQDt1B74OfPv/IMS2ekXAKkTZIHl88uMetg6q3OTqgFxZ/dxDXI0EWLyZid/1Pe6hTftyg5N7gel5wNAGxXyQ==

prettier@^2.7.1:
  version "2.7.1"
  resolved "https://registry.yarnpkg.com/prettier/-/prettier-2.7.1.tgz#e235806850d057f97bb08368a4f7d899f7760c64"
  integrity sha512-ujppO+MkdPqoVINuDFDRLClm7D78qbDt0/NR+wp5FqEZOoTNAjPHWj17QRhu7geIHJfcNhRk1XVQmF8Bp3ye+g==
